# This file is autogenerated, do not edit; changes may be undone by the next 'dep ensure'.


[[projects]]
  branch = "master"
  digest = "1:bcb453b0cabb65f906347e91f089ecce97f4939d9025edfdb06befbc25bb32a4"
  name = "github.com/HcashOrg/bliss"
  packages = [
    ".",
    "huffman",
    "params",
    "poly",
    "sampler",
  ]
  pruneopts = ""
  revision = "f5d53c2a9b7d05ffa1600cad036d3d51dd5423cc"

[[projects]]
  branch = "master"
  digest = "1:c02e731b62b4a7e351d7034b667a26f6df2f7366957f8a733ab1ba923b02120f"
  name = "github.com/HcashOrg/hcd"
  packages = [
    "blockchain",
    "blockchain/internal/dbnamespace",
    "blockchain/internal/progresslog",
    "blockchain/stake",
    "blockchain/stake/internal/dbnamespace",
    "blockchain/stake/internal/ticketdb",
    "blockchain/stake/internal/tickettreap",
    "chaincfg",
    "chaincfg/chainec",
    "chaincfg/chainhash",
    "crypto",
    "crypto/bliss",
    "database",
    "database/ffldb",
    "database/internal/treap",
    "dcrec/edwards",
    "dcrec/secp256k1",
    "dcrec/secp256k1/schnorr",
    "dcrjson",
    "hcutil",
    "hcutil/base58",
    "hcutil/hdkeychain",
    "txscript",
    "wire",
  ]
  pruneopts = ""
  revision = "3e4cce8e3779e03de2996b7f68ceca145024b3a7"

[[projects]]
  branch = "master"
  digest = "1:34f3a474178e5b2edcb6946e16059014ab60e38ed07c675fed7104d6aeeb4692"
  name = "github.com/HcashOrg/hcrpcclient"
  packages = ["."]
  pruneopts = ""
  revision = "bc79ffac5bcef6131f880de25da5bc0d1a4b2b22"

[[projects]]
  branch = "master"
  digest = "1:9af0563069bc88f0ede43c9eae0a72bca8960d7205cab5c46dcf8992c4d16c30"
  name = "github.com/HcashOrg/hcwallet"
  packages = [
    "apperrors",
    "internal/zero",
    "netparams",
    "snacl",
    "wallet/udb",
    "walletdb",
  ]
  pruneopts = ""
  revision = "a27cebfbd4a1e531622220cdd88696a67d6eb971"

[[projects]]
  branch = "master"
  digest = "1:7c95e6ada3cb4c4034a75f88a137400dfe7cbd5823c66b2ec4b014018b537ff7"
  name = "github.com/agl/ed25519"
  packages = [
    ".",
    "edwards25519",
  ]
  pruneopts = ""
  revision = "5312a61534124124185d41f09206b9fef1d88403"

[[projects]]
  branch = "master"
  digest = "1:30d4a548e09bca4a0c77317c58e7407e2a65c15325e944f9c08a7b7992f8a59e"
  name = "github.com/btcsuite/btclog"
  packages = ["."]
  pruneopts = ""
  revision = "84c8d2346e9fc8c7b947e243b9c24e6df9fd206a"

[[projects]]
  branch = "master"
  digest = "1:540de3a469b3f3ff65d8380fd315ee758cb27d9c87eb8e42ea956638754e353b"
  name = "github.com/btcsuite/go-flags"
  packages = ["."]
  pruneopts = ""
  revision = "6c288d648c1cc1befcb90cb5511dcacf64ae8e61"

[[projects]]
  branch = "master"
  digest = "1:422f38d57f1bc0fdc34f26d0f1026869a3710400b09b5478c9288efa13573cfa"
  name = "github.com/btcsuite/go-socks"
  packages = ["socks"]
  pruneopts = ""
  revision = "4720035b7bfd2a9bb130b1c184f8bbe41b6f0d0f"

[[projects]]
  digest = "1:d4577e0960ef580c38ff71789e0a851c55260fe2958b5ad77f37b79b25c6199c"
  name = "github.com/btcsuite/goleveldb"
  packages = [
    "leveldb",
    "leveldb/cache",
    "leveldb/comparer",
    "leveldb/errors",
    "leveldb/filter",
    "leveldb/iterator",
    "leveldb/journal",
    "leveldb/memdb",
    "leveldb/opt",
    "leveldb/storage",
    "leveldb/table",
    "leveldb/util",
  ]
  pruneopts = ""
  revision = "3fd0373267b6461dbefe91cef614278064d05465"
  version = "v1.0.0"

[[projects]]
  branch = "master"
  digest = "1:3f3894c51ddc0363ce1c3c5c63758d268b90b6204e931deac552c11fac5d8dbf"
  name = "github.com/btcsuite/snappy-go"
  packages = ["."]
  pruneopts = ""
  revision = "0bdef8d067237991ddaa1bb6072a740bc40601ba"

[[projects]]
  branch = "master"
  digest = "1:dfc248d5e6e1582fdec83796d3d1d451aa6cae773c4e4ba1dac2838caef6d381"
  name = "github.com/btcsuite/websocket"
  packages = ["."]
  pruneopts = ""
  revision = "31079b6807923eb23992c421b114992b95131b55"

[[projects]]
  branch = "master"
  digest = "1:98bdbd79f65831b1e1949a62dea8ed87cd106f840789f349056030a90fa53014"
  name = "github.com/chappjc/logrus-prefix"
  packages = ["."]
  pruneopts = ""
  revision = "3a1d64819adb569fb9952144dd90c0abe92e2822"

[[projects]]
  digest = "1:56c130d885a4aacae1dd9c7b71cfe39912c7ebc1ff7d2b46083c8812996dc43b"
  name = "github.com/davecgh/go-spew"
  packages = ["spew"]
  pruneopts = ""
  revision = "346938d642f2ec3594ed81d874461961cd0faa76"
  version = "v1.1.0"

[[projects]]
  digest = "1:73e8c7e9fcc5e303a712480e453232447ac49bc57d240de5731f789eb309658f"
  name = "github.com/dchest/blake256"
  packages = ["."]
  pruneopts = ""
  revision = "dee3fe6eb0e98dc774a94fc231f85baf7c29d360"
  version = "v1.0.0"

[[projects]]
  branch = "master"
  digest = "1:7901e7a78d06a345177202cc29d92ba87e832144afdacb7f8e8b91bf899d8342"
  name = "github.com/dustin/go-humanize"
  packages = ["."]
  pruneopts = ""
  revision = "02af3965c54e8cacf948b97fef38925c4120652c"

[[projects]]
  digest = "1:2f4d4ba08e54c0c63693d7dd21c30c8ff6800d047efcbbe8addd5620d2625871"
  name = "github.com/go-chi/chi"
  packages = [
    ".",
    "middleware",
  ]
  pruneopts = ""
  revision = "e83ac2304db3c50cf03d96a2fcd39009d458bc35"
  version = "v3.3.2"

[[projects]]
  digest = "1:7edca16698aca7302778971929d6d562b81538eaf708ce1d78b420d10d806e22"
  name = "github.com/go-chi/docgen"
  packages = ["."]
  pruneopts = ""
  revision = "ac43d9a63f3b58b1e82922411d2de365d896ee72"
  version = "v1.0.2"

[[projects]]
  branch = "master"
  digest = "1:80178c385273ade9d14d523f23397468a70a3c14f9ab2b1b8c52cf35dbebe03d"
  name = "github.com/jrick/logrotate"
  packages = ["rotator"]
  pruneopts = ""
  revision = "a93b200c26cbae3bb09dd0dc2c7c7fe1468a034a"

[[projects]]
  branch = "master"
  digest = "1:09792d732b079867772cdbabdf7dc54ef9f9d04c998a9ce6226657151fccbb94"
  name = "github.com/lib/pq"
  packages = [
    ".",
    "oid",
  ]
  pruneopts = ""
  revision = "90697d60dd844d5ef6ff15135d0203f65d2f53b8"

[[projects]]
  digest = "1:9ea83adf8e96d6304f394d40436f2eb44c1dc3250d223b74088cc253a6cd0a1c"
  name = "github.com/mattn/go-colorable"
  packages = ["."]
  pruneopts = ""
  revision = "167de6bfdfba052fa6b2d3664c8f5272e23c9072"
  version = "v0.0.9"

[[projects]]
  digest = "1:78229b46ddb7434f881390029bd1af7661294af31f6802e0e1bedaad4ab0af3c"
  name = "github.com/mattn/go-isatty"
  packages = ["."]
  pruneopts = ""
  revision = "0360b2af4f38e8d38c7fce2a9f4e702702d73a39"
  version = "v0.0.3"

[[projects]]
  digest = "1:e30e49573b99b9cc3ca6fccfa20357e86f8d037cf2cb46e0d028494591ee3a75"
  name = "github.com/mattn/go-sqlite3"
  packages = ["."]
  pruneopts = ""
  revision = "05548ff55570cdb9ac72ff4a25a3b5e77a6fb7e5"

[[projects]]
  branch = "master"
  digest = "1:50416da10e189bc201e122e20078fb8e680a439cbdd24aaece06c434b4415b60"
  name = "github.com/mgutz/ansi"
  packages = ["."]
  pruneopts = ""
  revision = "9520e82c474b0a04dd04f8a40959027271bab992"

[[projects]]
  digest = "1:90ccc291e704a9e0594ee710ecf080e9286944e3165fd74699ec72fe0caaff94"
  name = "github.com/rs/cors"
  packages = ["."]
  pruneopts = ""
  revision = "eabcc6af4bbe5ad3a949d36450326a2b0b9894b8"

[[projects]]
  branch = "master"
  digest = "1:d0148ccd69edc991a8e0e472ae9720f5b46209e12a00c0ba11b4cbcc4fc2c72b"
  name = "github.com/shiena/ansicolor"
  packages = ["."]
  pruneopts = ""
  revision = "a422bbe96644373c5753384a59d678f7d261ff10"

[[projects]]
  digest = "1:8cf46b6c18a91068d446e26b67512cf16f1540b45d90b28b9533706a127f0ca6"
  name = "github.com/sirupsen/logrus"
  packages = ["."]
  pruneopts = ""
  revision = "c155da19408a8799da419ed3eeb0cb5db0ad5dbc"
  version = "v1.0.5"

[[projects]]
  branch = "master"
  digest = "1:6ef14be530be39b6b9d75d54ce1d546ae9231e652d9e3eef198cbb19ce8ed3e7"
  name = "golang.org/x/crypto"
  packages = [
    "internal/subtle",
    "nacl/secretbox",
    "pbkdf2",
    "poly1305",
    "ripemd160",
    "salsa20/salsa",
    "scrypt",
    "sha3",
    "ssh/terminal",
  ]
  pruneopts = ""
  revision = "a49355c7e3f8fe157a85be2f77e6e269a0f89602"

[[projects]]
  branch = "master"
  digest = "1:4656104e65eed39be4ad82d1c2d31ccb391ba51817ccfbb6140562b141392b71"
  name = "golang.org/x/net"
  packages = [
    "context",
    "websocket",
  ]
  pruneopts = ""
  revision = "afe8f62b1d6bbd81f31868121a50b06d8188e1f9"

[[projects]]
  branch = "master"
  digest = "1:37bc80005adfac77fba493f73557385be7d5dbd0a8a58d30d94eb3e75476860d"
  name = "golang.org/x/sys"
  packages = [
    "unix",
    "windows",
  ]
  pruneopts = ""
  revision = "c4afb3effaa53fd9a06ca61262dc7ce8df4c081b"

[solve-meta]
  analyzer-name = "dep"
  analyzer-version = 1
  input-imports = [
    "github.com/HcashOrg/hcd/blockchain",
    "github.com/HcashOrg/hcd/blockchain/stake",
    "github.com/HcashOrg/hcd/chaincfg",
    "github.com/HcashOrg/hcd/chaincfg/chainhash",
    "github.com/HcashOrg/hcd/database",
    "github.com/HcashOrg/hcd/database/ffldb",
    "github.com/HcashOrg/hcd/dcrjson",
    "github.com/HcashOrg/hcd/hcutil",
    "github.com/HcashOrg/hcd/txscript",
    "github.com/HcashOrg/hcd/wire",
    "github.com/HcashOrg/hcrpcclient",
    "github.com/HcashOrg/hcwallet/netparams",
    "github.com/HcashOrg/hcwallet/wallet/udb",
    "github.com/btcsuite/btclog",
    "github.com/btcsuite/go-flags",
    "github.com/chappjc/logrus-prefix",
    "github.com/davecgh/go-spew/spew",
    "github.com/dustin/go-humanize",
    "github.com/go-chi/chi",
    "github.com/go-chi/chi/middleware",
    "github.com/go-chi/docgen",
    "github.com/jrick/logrotate/rotator",
    "github.com/lib/pq",
    "github.com/mattn/go-sqlite3",
    "github.com/rs/cors",
    "github.com/shiena/ansicolor",
    "github.com/sirupsen/logrus",
    "golang.org/x/net/websocket",
  ]
  solver-name = "gps-cdcl"
  solver-version = 1
